<?xml version="1.0" encoding="utf-8"?>
<Project ToolsVersion="4.0" xmlns="http://schemas.microsoft.com/developer/msbuild/2003">
  <ItemGroup>
    <Filter Include="Header Files">
      <UniqueIdentifier>{5e805983-1cf6-4408-801c-cca73524e7a7}</UniqueIdentifier>
    </Filter>
    <Filter Include="Source Files">
      <UniqueIdentifier>{35f74a4a-d7eb-4b9b-8863-b50e53f160d3}</UniqueIdentifier>
    </Filter>
    <Filter Include="Source Files\Math Utilities">
      <UniqueIdentifier>{9f556840-a775-4f88-a3e8-d7a0720bba4a}</UniqueIdentifier>
    </Filter>
    <Filter Include="Source Files\Render Utilities">
      <UniqueIdentifier>{0aab5205-c538-490f-96bf-dc2e98327a1b}</UniqueIdentifier>
    </Filter>
  </ItemGroup>
  <ItemGroup>
    <ClCompile Include="src\SpacetimeOptimization.cpp">
      <Filter>Source Files</Filter>
    </ClCompile>
    <ClCompile Include="src\SvzAlgebra.cpp">
      <Filter>Source Files\Math Utilities</Filter>
    </ClCompile>
    <ClCompile Include="src\CameraUtil.cpp">
      <Filter>Source Files\Render Utilities</Filter>
    </ClCompile>
    <ClCompile Include="src\RenderUtil.cpp">
      <Filter>Source Files\Render Utilities</Filter>
    </ClCompile>
    <ClCompile Include="src\SpacetimeApplication.cpp">
      <Filter>Source Files</Filter>
    </ClCompile>
    <ClCompile Include="src\SpacetimeInit.cpp">
      <Filter>Source Files</Filter>
    </ClCompile>
    <ClCompile Include="src\SpacetimeCleanup.cpp">
      <Filter>Source Files</Filter>
    </ClCompile>
    <ClCompile Include="src\Spacetime.cpp">
      <Filter>Source Files</Filter>
    </ClCompile>
    <ClCompile Include="src\SpacetimeState.cpp">
      <Filter>Source Files</Filter>
    </ClCompile>
    <ClCompile Include="src\Render.cpp">
      <Filter>Source Files</Filter>
    </ClCompile>
    <ClCompile Include="src\SpacetimeDynamics.cpp">
      <Filter>Source Files</Filter>
    </ClCompile>
    <ClCompile Include="src\SpacetimeDerivatives.cpp">
      <Filter>Source Files</Filter>
    </ClCompile>
    <ClCompile Include="src\Math3D.cpp">
      <Filter>Source Files\Math Utilities</Filter>
    </ClCompile>
    <ClCompile Include="src\SpacetimeAnalytical.cpp">
      <Filter>Source Files</Filter>
    </ClCompile>
  </ItemGroup>
  <ItemGroup>
    <ClInclude Include="src\CameraUtil.h">
      <Filter>Header Files</Filter>
    </ClInclude>
    <ClInclude Include="src\RenderUtil.h">
      <Filter>Header Files</Filter>
    </ClInclude>
    <ClInclude Include="src\SvzAlgebra.h">
      <Filter>Header Files</Filter>
    </ClInclude>
    <ClInclude Include="src\SvzMatrix.h">
      <Filter>Header Files</Filter>
    </ClInclude>
    <ClInclude Include="src\Spacetime.h">
      <Filter>Header Files</Filter>
    </ClInclude>
    <ClInclude Include="src\Render.h">
      <Filter>Header Files</Filter>
    </ClInclude>
  </ItemGroup>
</Project>